// !$*UTF8*$!
{
	archiveVersion = 1;
	classes = {
	};
	objectVersion = 56;
	objects = {

/* Begin PBXBuildFile section */
		478DD3082D43DC3000839239 /* AppDelegate.swift in Sources */ = {isa = PBXBuildFile; fileRef = 478DD3072D43DC3000839239 /* AppDelegate.swift */; };
		478DD30A2D43DC3000839239 /* SceneDelegate.swift in Sources */ = {isa = PBXBuildFile; fileRef = 478DD3092D43DC3000839239 /* SceneDelegate.swift */; };
		478DD30C2D43DC3000839239 /* RSSFeedViewController.swift in Sources */ = {isa = PBXBuildFile; fileRef = 478DD30B2D43DC3000839239 /* RSSFeedViewController.swift */; };
		478DD3112D43DC3100839239 /* Assets.xcassets in Resources */ = {isa = PBXBuildFile; fileRef = 478DD3102D43DC3100839239 /* Assets.xcassets */; };
		478DD3142D43DC3100839239 /* LaunchScreen.storyboard in Resources */ = {isa = PBXBuildFile; fileRef = 478DD3122D43DC3100839239 /* LaunchScreen.storyboard */; };
		478DD31D2D43E41A00839239 /* NetworkService.swift in Sources */ = {isa = PBXBuildFile; fileRef = 478DD31C2D43E41A00839239 /* NetworkService.swift */; };
		478DD31F2D43E42700839239 /* RSSParser.swift in Sources */ = {isa = PBXBuildFile; fileRef = 478DD31E2D43E42700839239 /* RSSParser.swift */; };
		478DD3222D43E7A800839239 /* Alamofire in Frameworks */ = {isa = PBXBuildFile; productRef = 478DD3212D43E7A800839239 /* Alamofire */; };
		478DD3242D43E7A800839239 /* AlamofireDynamic in Frameworks */ = {isa = PBXBuildFile; productRef = 478DD3232D43E7A800839239 /* AlamofireDynamic */; };
		478DD3262D43EAFD00839239 /* RssFeed.swift in Sources */ = {isa = PBXBuildFile; fileRef = 478DD3252D43EAFD00839239 /* RssFeed.swift */; };
		478DD32F2D4434A900839239 /* CustomTextField.swift in Sources */ = {isa = PBXBuildFile; fileRef = 478DD32E2D4434A900839239 /* CustomTextField.swift */; };
		478DD3312D44352D00839239 /* CustomButton.swift in Sources */ = {isa = PBXBuildFile; fileRef = 478DD3302D44352D00839239 /* CustomButton.swift */; };
		478DD3332D44354E00839239 /* CustomLabel.swift in Sources */ = {isa = PBXBuildFile; fileRef = 478DD3322D44354E00839239 /* CustomLabel.swift */; };
		478DD3352D44356D00839239 /* CustomImageView.swift in Sources */ = {isa = PBXBuildFile; fileRef = 478DD3342D44356D00839239 /* CustomImageView.swift */; };
/* End PBXBuildFile section */

/* Begin PBXFileReference section */
		478DD3042D43DC3000839239 /* Earworm.app */ = {isa = PBXFileReference; explicitFileType = wrapper.application; includeInIndex = 0; path = Earworm.app; sourceTree = BUILT_PRODUCTS_DIR; };
		478DD3072D43DC3000839239 /* AppDelegate.swift */ = {isa = PBXFileReference; lastKnownFileType = sourcecode.swift; path = AppDelegate.swift; sourceTree = "<group>"; };
		478DD3092D43DC3000839239 /* SceneDelegate.swift */ = {isa = PBXFileReference; lastKnownFileType = sourcecode.swift; path = SceneDelegate.swift; sourceTree = "<group>"; };
		478DD30B2D43DC3000839239 /* RSSFeedViewController.swift */ = {isa = PBXFileReference; lastKnownFileType = sourcecode.swift; path = RSSFeedViewController.swift; sourceTree = "<group>"; };
		478DD3102D43DC3100839239 /* Assets.xcassets */ = {isa = PBXFileReference; lastKnownFileType = folder.assetcatalog; path = Assets.xcassets; sourceTree = "<group>"; };
		478DD3132D43DC3100839239 /* Base */ = {isa = PBXFileReference; lastKnownFileType = file.storyboard; name = Base; path = Base.lproj/LaunchScreen.storyboard; sourceTree = "<group>"; };
		478DD3152D43DC3100839239 /* Info.plist */ = {isa = PBXFileReference; lastKnownFileType = text.plist.xml; path = Info.plist; sourceTree = "<group>"; };
		478DD31C2D43E41A00839239 /* NetworkService.swift */ = {isa = PBXFileReference; lastKnownFileType = sourcecode.swift; path = NetworkService.swift; sourceTree = "<group>"; };
		478DD31E2D43E42700839239 /* RSSParser.swift */ = {isa = PBXFileReference; lastKnownFileType = sourcecode.swift; path = RSSParser.swift; sourceTree = "<group>"; };
		478DD3252D43EAFD00839239 /* RssFeed.swift */ = {isa = PBXFileReference; lastKnownFileType = sourcecode.swift; path = RssFeed.swift; sourceTree = "<group>"; };
		478DD32E2D4434A900839239 /* CustomTextField.swift */ = {isa = PBXFileReference; lastKnownFileType = sourcecode.swift; path = CustomTextField.swift; sourceTree = "<group>"; };
		478DD3302D44352D00839239 /* CustomButton.swift */ = {isa = PBXFileReference; lastKnownFileType = sourcecode.swift; path = CustomButton.swift; sourceTree = "<group>"; };
		478DD3322D44354E00839239 /* CustomLabel.swift */ = {isa = PBXFileReference; lastKnownFileType = sourcecode.swift; path = CustomLabel.swift; sourceTree = "<group>"; };
		478DD3342D44356D00839239 /* CustomImageView.swift */ = {isa = PBXFileReference; lastKnownFileType = sourcecode.swift; path = CustomImageView.swift; sourceTree = "<group>"; };
/* End PBXFileReference section */

/* Begin PBXFrameworksBuildPhase section */
		478DD3012D43DC3000839239 /* Frameworks */ = {
			isa = PBXFrameworksBuildPhase;
			buildActionMask = 2147483647;
			files = (
				478DD3222D43E7A800839239 /* Alamofire in Frameworks */,
				478DD3242D43E7A800839239 /* AlamofireDynamic in Frameworks */,
			);
			runOnlyForDeploymentPostprocessing = 0;
		};
/* End PBXFrameworksBuildPhase section */

/* Begin PBXGroup section */
		478DD2FB2D43DC3000839239 = {
			isa = PBXGroup;
			children = (
				478DD3062D43DC3000839239 /* Earworm */,
				478DD3052D43DC3000839239 /* Products */,
			);
			sourceTree = "<group>";
		};
		478DD3052D43DC3000839239 /* Products */ = {
			isa = PBXGroup;
			children = (
				478DD3042D43DC3000839239 /* Earworm.app */,
			);
			name = Products;
			sourceTree = "<group>";
		};
		478DD3062D43DC3000839239 /* Earworm */ = {
			isa = PBXGroup;
			children = (
				478DD32D2D44349300839239 /* Utils */,
				478DD3272D44027B00839239 /* Modules */,
				478DD31B2D43E3FF00839239 /* Networking */,
				478DD3072D43DC3000839239 /* AppDelegate.swift */,
				478DD3092D43DC3000839239 /* SceneDelegate.swift */,
				478DD3102D43DC3100839239 /* Assets.xcassets */,
				478DD3122D43DC3100839239 /* LaunchScreen.storyboard */,
				478DD3152D43DC3100839239 /* Info.plist */,
			);
			path = Earworm;
			sourceTree = "<group>";
		};
		478DD31B2D43E3FF00839239 /* Networking */ = {
			isa = PBXGroup;
			children = (
				478DD31C2D43E41A00839239 /* NetworkService.swift */,
				478DD31E2D43E42700839239 /* RSSParser.swift */,
			);
			path = Networking;
			sourceTree = "<group>";
		};
		478DD3272D44027B00839239 /* Modules */ = {
			isa = PBXGroup;
			children = (
				478DD3282D44028600839239 /* RSSFeed */,
			);
			path = Modules;
			sourceTree = "<group>";
		};
		478DD3282D44028600839239 /* RSSFeed */ = {
			isa = PBXGroup;
			children = (
				478DD3292D442FC600839239 /* Model */,
				478DD32B2D442FF600839239 /* Presenter */,
				478DD32C2D44317800839239 /* Protocols */,
				478DD32A2D442FE600839239 /* View */,
			);
			path = RSSFeed;
			sourceTree = "<group>";
		};
		478DD3292D442FC600839239 /* Model */ = {
			isa = PBXGroup;
			children = (
				478DD3252D43EAFD00839239 /* RssFeed.swift */,
			);
			path = Model;
			sourceTree = "<group>";
		};
		478DD32A2D442FE600839239 /* View */ = {
			isa = PBXGroup;
			children = (
				478DD30B2D43DC3000839239 /* RSSFeedViewController.swift */,
			);
			path = View;
			sourceTree = "<group>";
		};
		478DD32B2D442FF600839239 /* Presenter */ = {
			isa = PBXGroup;
			children = (
			);
			path = Presenter;
			sourceTree = "<group>";
		};
		478DD32C2D44317800839239 /* Protocols */ = {
			isa = PBXGroup;
			children = (
			);
			path = Protocols;
			sourceTree = "<group>";
		};
		478DD32D2D44349300839239 /* Utils */ = {
			isa = PBXGroup;
			children = (
				478DD32E2D4434A900839239 /* CustomTextField.swift */,
				478DD3302D44352D00839239 /* CustomButton.swift */,
				478DD3322D44354E00839239 /* CustomLabel.swift */,
				478DD3342D44356D00839239 /* CustomImageView.swift */,
			);
			path = Utils;
			sourceTree = "<group>";
		};
/* End PBXGroup section */

/* Begin PBXNativeTarget section */
		478DD3032D43DC3000839239 /* Earworm */ = {
			isa = PBXNativeTarget;
			buildConfigurationList = 478DD3182D43DC3100839239 /* Build configuration list for PBXNativeTarget "Earworm" */;
			buildPhases = (
				478DD3002D43DC3000839239 /* Sources */,
				478DD3012D43DC3000839239 /* Frameworks */,
				478DD3022D43DC3000839239 /* Resources */,
			);
			buildRules = (
			);
			dependencies = (
			);
			name = Earworm;
			packageProductDependencies = (
				478DD3212D43E7A800839239 /* Alamofire */,
				478DD3232D43E7A800839239 /* AlamofireDynamic */,
			);
			productName = Earworm;
			productReference = 478DD3042D43DC3000839239 /* Earworm.app */;
			productType = "com.apple.product-type.application";
		};
/* End PBXNativeTarget section */

/* Begin PBXProject section */
		478DD2FC2D43DC3000839239 /* Project object */ = {
			isa = PBXProject;
			attributes = {
				BuildIndependentTargetsInParallel = 1;
				LastSwiftUpdateCheck = 1520;
				LastUpgradeCheck = 1520;
				TargetAttributes = {
					478DD3032D43DC3000839239 = {
						CreatedOnToolsVersion = 15.2;
					};
				};
			};
			buildConfigurationList = 478DD2FF2D43DC3000839239 /* Build configuration list for PBXProject "Earworm" */;
			compatibilityVersion = "Xcode 14.0";
			developmentRegion = en;
			hasScannedForEncodings = 0;
			knownRegions = (
				en,
				Base,
			);
			mainGroup = 478DD2FB2D43DC3000839239;
			packageReferences = (
				478DD3202D43E7A800839239 /* XCRemoteSwiftPackageReference "Alamofire" */,
			);
			productRefGroup = 478DD3052D43DC3000839239 /* Products */;
			projectDirPath = "";
			projectRoot = "";
			targets = (
				478DD3032D43DC3000839239 /* Earworm */,
			);
		};
/* End PBXProject section */

/* Begin PBXResourcesBuildPhase section */
		478DD3022D43DC3000839239 /* Resources */ = {
			isa = PBXResourcesBuildPhase;
			buildActionMask = 2147483647;
			files = (
				478DD3142D43DC3100839239 /* LaunchScreen.storyboard in Resources */,
				478DD3112D43DC3100839239 /* Assets.xcassets in Resources */,
			);
			runOnlyForDeploymentPostprocessing = 0;
		};
/* End PBXResourcesBuildPhase section */

/* Begin PBXSourcesBuildPhase section */
		478DD3002D43DC3000839239 /* Sources */ = {
			isa = PBXSourcesBuildPhase;
			buildActionMask = 2147483647;
			files = (
				478DD32F2D4434A900839239 /* CustomTextField.swift in Sources */,
				478DD3332D44354E00839239 /* CustomLabel.swift in Sources */,
				478DD30C2D43DC3000839239 /* RSSFeedViewController.swift in Sources */,
				478DD3082D43DC3000839239 /* AppDelegate.swift in Sources */,
				478DD3262D43EAFD00839239 /* RssFeed.swift in Sources */,
				478DD3312D44352D00839239 /* CustomButton.swift in Sources */,
				478DD31D2D43E41A00839239 /* NetworkService.swift in Sources */,
				478DD30A2D43DC3000839239 /* SceneDelegate.swift in Sources */,
				478DD31F2D43E42700839239 /* RSSParser.swift in Sources */,
				478DD3352D44356D00839239 /* CustomImageView.swift in Sources */,
			);
			runOnlyForDeploymentPostprocessing = 0;
		};
/* End PBXSourcesBuildPhase section */

/* Begin PBXVariantGroup section */
		478DD3122D43DC3100839239 /* LaunchScreen.storyboard */ = {
			isa = PBXVariantGroup;
			children = (
				478DD3132D43DC3100839239 /* Base */,
			);
			name = LaunchScreen.storyboard;
			sourceTree = "<group>";
		};
/* End PBXVariantGroup section */

/* Begin XCBuildConfiguration section */
		478DD3162D43DC3100839239 /* Debug */ = {
			isa = XCBuildConfiguration;
			buildSettings = {
				ALWAYS_SEARCH_USER_PATHS = NO;
				ASSETCATALOG_COMPILER_GENERATE_SWIFT_ASSET_SYMBOL_EXTENSIONS = YES;
				CLANG_ANALYZER_NONNULL = YES;
				CLANG_ANALYZER_NUMBER_OBJECT_CONVERSION = YES_AGGRESSIVE;
				CLANG_CXX_LANGUAGE_STANDARD = "gnu++20";
				CLANG_ENABLE_MODULES = YES;
				CLANG_ENABLE_OBJC_ARC = YES;
				CLANG_ENABLE_OBJC_WEAK = YES;
				CLANG_WARN_BLOCK_CAPTURE_AUTORELEASING = YES;
				CLANG_WARN_BOOL_CONVERSION = YES;
				CLANG_WARN_COMMA = YES;
				CLANG_WARN_CONSTANT_CONVERSION = YES;
				CLANG_WARN_DEPRECATED_OBJC_IMPLEMENTATIONS = YES;
				CLANG_WARN_DIRECT_OBJC_ISA_USAGE = YES_ERROR;
				CLANG_WARN_DOCUMENTATION_COMMENTS = YES;
				CLANG_WARN_EMPTY_BODY = YES;
				CLANG_WARN_ENUM_CONVERSION = YES;
				CLANG_WARN_INFINITE_RECURSION = YES;
				CLANG_WARN_INT_CONVERSION = YES;
				CLANG_WARN_NON_LITERAL_NULL_CONVERSION = YES;
				CLANG_WARN_OBJC_IMPLICIT_RETAIN_SELF = YES;
				CLANG_WARN_OBJC_LITERAL_CONVERSION = YES;
				CLANG_WARN_OBJC_ROOT_CLASS = YES_ERROR;
				CLANG_WARN_QUOTED_INCLUDE_IN_FRAMEWORK_HEADER = YES;
				CLANG_WARN_RANGE_LOOP_ANALYSIS = YES;
				CLANG_WARN_STRICT_PROTOTYPES = YES;
				CLANG_WARN_SUSPICIOUS_MOVE = YES;
				CLANG_WARN_UNGUARDED_AVAILABILITY = YES_AGGRESSIVE;
				CLANG_WARN_UNREACHABLE_CODE = YES;
				CLANG_WARN__DUPLICATE_METHOD_MATCH = YES;
				COPY_PHASE_STRIP = NO;
				DEBUG_INFORMATION_FORMAT = dwarf;
				ENABLE_STRICT_OBJC_MSGSEND = YES;
				ENABLE_TESTABILITY = YES;
				ENABLE_USER_SCRIPT_SANDBOXING = YES;
				GCC_C_LANGUAGE_STANDARD = gnu17;
				GCC_DYNAMIC_NO_PIC = NO;
				GCC_NO_COMMON_BLOCKS = YES;
				GCC_OPTIMIZATION_LEVEL = 0;
				GCC_PREPROCESSOR_DEFINITIONS = (
					"DEBUG=1",
					"$(inherited)",
				);
				GCC_WARN_64_TO_32_BIT_CONVERSION = YES;
				GCC_WARN_ABOUT_RETURN_TYPE = YES_ERROR;
				GCC_WARN_UNDECLARED_SELECTOR = YES;
				GCC_WARN_UNINITIALIZED_AUTOS = YES_AGGRESSIVE;
				GCC_WARN_UNUSED_FUNCTION = YES;
				GCC_WARN_UNUSED_VARIABLE = YES;
				IPHONEOS_DEPLOYMENT_TARGET = 17.2;
				LOCALIZATION_PREFERS_STRING_CATALOGS = YES;
				MTL_ENABLE_DEBUG_INFO = INCLUDE_SOURCE;
				MTL_FAST_MATH = YES;
				ONLY_ACTIVE_ARCH = YES;
				SDKROOT = iphoneos;
				SWIFT_ACTIVE_COMPILATION_CONDITIONS = "DEBUG $(inherited)";
				SWIFT_OPTIMIZATION_LEVEL = "-Onone";
			};
			name = Debug;
		};
		478DD3172D43DC3100839239 /* Release */ = {
			isa = XCBuildConfiguration;
			buildSettings = {
				ALWAYS_SEARCH_USER_PATHS = NO;
				ASSETCATALOG_COMPILER_GENERATE_SWIFT_ASSET_SYMBOL_EXTENSIONS = YES;
				CLANG_ANALYZER_NONNULL = YES;
				CLANG_ANALYZER_NUMBER_OBJECT_CONVERSION = YES_AGGRESSIVE;
				CLANG_CXX_LANGUAGE_STANDARD = "gnu++20";
				CLANG_ENABLE_MODULES = YES;
				CLANG_ENABLE_OBJC_ARC = YES;
				CLANG_ENABLE_OBJC_WEAK = YES;
				CLANG_WARN_BLOCK_CAPTURE_AUTORELEASING = YES;
				CLANG_WARN_BOOL_CONVERSION = YES;
				CLANG_WARN_COMMA = YES;
				CLANG_WARN_CONSTANT_CONVERSION = YES;
				CLANG_WARN_DEPRECATED_OBJC_IMPLEMENTATIONS = YES;
				CLANG_WARN_DIRECT_OBJC_ISA_USAGE = YES_ERROR;
				CLANG_WARN_DOCUMENTATION_COMMENTS = YES;
				CLANG_WARN_EMPTY_BODY = YES;
				CLANG_WARN_ENUM_CONVERSION = YES;
				CLANG_WARN_INFINITE_RECURSION = YES;
				CLANG_WARN_INT_CONVERSION = YES;
				CLANG_WARN_NON_LITERAL_NULL_CONVERSION = YES;
				CLANG_WARN_OBJC_IMPLICIT_RETAIN_SELF = YES;
				CLANG_WARN_OBJC_LITERAL_CONVERSION = YES;
				CLANG_WARN_OBJC_ROOT_CLASS = YES_ERROR;
				CLANG_WARN_QUOTED_INCLUDE_IN_FRAMEWORK_HEADER = YES;
				CLANG_WARN_RANGE_LOOP_ANALYSIS = YES;
				CLANG_WARN_STRICT_PROTOTYPES = YES;
				CLANG_WARN_SUSPICIOUS_MOVE = YES;
				CLANG_WARN_UNGUARDED_AVAILABILITY = YES_AGGRESSIVE;
				CLANG_WARN_UNREACHABLE_CODE = YES;
				CLANG_WARN__DUPLICATE_METHOD_MATCH = YES;
				COPY_PHASE_STRIP = NO;
				DEBUG_INFORMATION_FORMAT = "dwarf-with-dsym";
				ENABLE_NS_ASSERTIONS = NO;
				ENABLE_STRICT_OBJC_MSGSEND = YES;
				ENABLE_USER_SCRIPT_SANDBOXING = YES;
				GCC_C_LANGUAGE_STANDARD = gnu17;
				GCC_NO_COMMON_BLOCKS = YES;
				GCC_WARN_64_TO_32_BIT_CONVERSION = YES;
				GCC_WARN_ABOUT_RETURN_TYPE = YES_ERROR;
				GCC_WARN_UNDECLARED_SELECTOR = YES;
				GCC_WARN_UNINITIALIZED_AUTOS = YES_AGGRESSIVE;
				GCC_WARN_UNUSED_FUNCTION = YES;
				GCC_WARN_UNUSED_VARIABLE = YES;
				IPHONEOS_DEPLOYMENT_TARGET = 17.2;
				LOCALIZATION_PREFERS_STRING_CATALOGS = YES;
				MTL_ENABLE_DEBUG_INFO = NO;
				MTL_FAST_MATH = YES;
				SDKROOT = iphoneos;
				SWIFT_COMPILATION_MODE = wholemodule;
				VALIDATE_PRODUCT = YES;
			};
			name = Release;
		};
		478DD3192D43DC3100839239 /* Debug */ = {
			isa = XCBuildConfiguration;
			buildSettings = {
				ASSETCATALOG_COMPILER_APPICON_NAME = AppIcon;
				ASSETCATALOG_COMPILER_GLOBAL_ACCENT_COLOR_NAME = AccentColor;
				CODE_SIGN_STYLE = Automatic;
				CURRENT_PROJECT_VERSION = 1;
				GENERATE_INFOPLIST_FILE = YES;
				INFOPLIST_FILE = Earworm/Info.plist;
				INFOPLIST_KEY_UIApplicationSupportsIndirectInputEvents = YES;
				INFOPLIST_KEY_UILaunchStoryboardName = LaunchScreen;
				INFOPLIST_KEY_UIMainStoryboardFile = "";
				INFOPLIST_KEY_UISupportedInterfaceOrientations_iPad = "UIInterfaceOrientationPortrait UIInterfaceOrientationPortraitUpsideDown UIInterfaceOrientationLandscapeLeft UIInterfaceOrientationLandscapeRight";
				INFOPLIST_KEY_UISupportedInterfaceOrientations_iPhone = "UIInterfaceOrientationPortrait UIInterfaceOrientationLandscapeLeft UIInterfaceOrientationLandscapeRight";
				LD_RUNPATH_SEARCH_PATHS = (
					"$(inherited)",
					"@executable_path/Frameworks",
				);
				MARKETING_VERSION = 1.0;
				PRODUCT_BUNDLE_IDENTIFIER = com.Earworm;
				PRODUCT_NAME = "$(TARGET_NAME)";
				SWIFT_EMIT_LOC_STRINGS = YES;
				SWIFT_VERSION = 5.0;
				TARGETED_DEVICE_FAMILY = "1,2";
			};
			name = Debug;
		};
		478DD31A2D43DC3100839239 /* Release */ = {
			isa = XCBuildConfiguration;
			buildSettings = {
				ASSETCATALOG_COMPILER_APPICON_NAME = AppIcon;
				ASSETCATALOG_COMPILER_GLOBAL_ACCENT_COLOR_NAME = AccentColor;
				CODE_SIGN_STYLE = Automatic;
				CURRENT_PROJECT_VERSION = 1;
				GENERATE_INFOPLIST_FILE = YES;
				INFOPLIST_FILE = Earworm/Info.plist;
				INFOPLIST_KEY_UIApplicationSupportsIndirectInputEvents = YES;
				INFOPLIST_KEY_UILaunchStoryboardName = LaunchScreen;
				INFOPLIST_KEY_UIMainStoryboardFile = "";
				INFOPLIST_KEY_UISupportedInterfaceOrientations_iPad = "UIInterfaceOrientationPortrait UIInterfaceOrientationPortraitUpsideDown UIInterfaceOrientationLandscapeLeft UIInterfaceOrientationLandscapeRight";
				INFOPLIST_KEY_UISupportedInterfaceOrientations_iPhone = "UIInterfaceOrientationPortrait UIInterfaceOrientationLandscapeLeft UIInterfaceOrientationLandscapeRight";
				LD_RUNPATH_SEARCH_PATHS = (
					"$(inherited)",
					"@executable_path/Frameworks",
				);
				MARKETING_VERSION = 1.0;
				PRODUCT_BUNDLE_IDENTIFIER = com.Earworm;
				PRODUCT_NAME = "$(TARGET_NAME)";
				SWIFT_EMIT_LOC_STRINGS = YES;
				SWIFT_VERSION = 5.0;
				TARGETED_DEVICE_FAMILY = "1,2";
			};
			name = Release;
		};
/* End XCBuildConfiguration section */

/* Begin XCConfigurationList section */
		478DD2FF2D43DC3000839239 /* Build configuration list for PBXProject "Earworm" */ = {
			isa = XCConfigurationList;
			buildConfigurations = (
				478DD3162D43DC3100839239 /* Debug */,
				478DD3172D43DC3100839239 /* Release */,
			);
			defaultConfigurationIsVisible = 0;
			defaultConfigurationName = Release;
		};
		478DD3182D43DC3100839239 /* Build configuration list for PBXNativeTarget "Earworm" */ = {
			isa = XCConfigurationList;
			buildConfigurations = (
				478DD3192D43DC3100839239 /* Debug */,
				478DD31A2D43DC3100839239 /* Release */,
			);
			defaultConfigurationIsVisible = 0;
			defaultConfigurationName = Release;
		};
/* End XCConfigurationList section */

/* Begin XCRemoteSwiftPackageReference section */
		478DD3202D43E7A800839239 /* XCRemoteSwiftPackageReference "Alamofire" */ = {
			isa = XCRemoteSwiftPackageReference;
			repositoryURL = "https://github.com/Alamofire/Alamofire";
			requirement = {
				kind = upToNextMajorVersion;
				minimumVersion = 5.10.2;
			};
		};
/* End XCRemoteSwiftPackageReference section */

/* Begin XCSwiftPackageProductDependency section */
		478DD3212D43E7A800839239 /* Alamofire */ = {
			isa = XCSwiftPackageProductDependency;
			package = 478DD3202D43E7A800839239 /* XCRemoteSwiftPackageReference "Alamofire" */;
			productName = Alamofire;
		};
		478DD3232D43E7A800839239 /* AlamofireDynamic */ = {
			isa = XCSwiftPackageProductDependency;
			package = 478DD3202D43E7A800839239 /* XCRemoteSwiftPackageReference "Alamofire" */;
			productName = AlamofireDynamic;
		};
/* End XCSwiftPackageProductDependency section */
	};
	rootObject = 478DD2FC2D43DC3000839239 /* Project object */;
}
